
Microsoft Visual Studio Solution File, Format Version 12.00
# Visual Studio Version 17
VisualStudioVersion = 17.4.33213.308
MinimumVisualStudioVersion = 10.0.40219.1
Project("{8BC9CEB8-8B4A-11D0-8D11-00A0C91BC942}") = "ClassPractice", "ClassPractice\ClassPractice.vcxproj", "{65F96856-4345-4AE9-996B-03B733916039}"
EndProject
Project("{8BC9CEB8-8B4A-11D0-8D11-00A0C91BC942}") = "MoreClassPractice", "MoreClassPractice\MoreClassPractice.vcxproj", "{491EF911-EFD9-4FF6-92F3-12ABDF60EBE9}"
EndProject
Project("{8BC9CEB8-8B4A-11D0-8D11-00A0C91BC942}") = "MemoryManagement", "MemoryManagement\MemoryManagement.vcxproj", "{0CC1411E-8485-426B-A130-98FEF6432A9C}"
EndProject
Project("{8BC9CEB8-8B4A-11D0-8D11-00A0C91BC942}") = "ArrayListS23", "ArrayListS23\ArrayListS23.vcxproj", "{57BCDC8C-05F8-4F62-B772-FDDB6C4ACCF6}"
EndProject
Project("{8BC9CEB8-8B4A-11D0-8D11-00A0C91BC942}") = "LinkedList", "LinkedList\LinkedList.vcxproj", "{E419FB09-230A-4D4E-B1BE-42B6654A0825}"
EndProject
Project("{8BC9CEB8-8B4A-11D0-8D11-00A0C91BC942}") = "UnitTest1", "UnitTest1\UnitTest1.vcxproj", "{FAC3CEAF-4827-49E2-9B8E-E1662E8FD02A}"
EndProject
Project("{8BC9CEB8-8B4A-11D0-8D11-00A0C91BC942}") = "Recursion", "Recursion\Recursion.vcxproj", "{5BF21EAE-21AB-4A3F-B97C-7B7295FD489D}"
EndProject
Project("{8BC9CEB8-8B4A-11D0-8D11-00A0C91BC942}") = "RecursiveReversal", "RecursiveReversal\RecursiveReversal.vcxproj", "{152C5173-189C-4FDB-8E52-75A732C0F832}"
EndProject
Project("{8BC9CEB8-8B4A-11D0-8D11-00A0C91BC942}") = "HiddenArray", "HiddenArray\HiddenArray.vcxproj", "{E468E8E1-8EAC-42A5-A650-5EABB941146F}"
EndProject
Project("{8BC9CEB8-8B4A-11D0-8D11-00A0C91BC942}") = "Stack", "Stack\Stack.vcxproj", "{3F41EEB5-98FB-469C-B163-A4A5897354A2}"
EndProject
Project("{8BC9CEB8-8B4A-11D0-8D11-00A0C91BC942}") = "Inheritance", "Inheritance\Inheritance.vcxproj", "{75A2474F-B1A1-4595-9C68-CC29A6E8B048}"
EndProject
Project("{8BC9CEB8-8B4A-11D0-8D11-00A0C91BC942}") = "Cat", "Cat\Cat.vcxproj", "{014297FB-BC24-4594-BEB6-A89BE51454F8}"
EndProject
Project("{8BC9CEB8-8B4A-11D0-8D11-00A0C91BC942}") = "Wrapper", "Wrapper\Wrapper.vcxproj", "{994C516C-CAFD-4A65-97D0-426BEE0B01F2}"
EndProject
Project("{8BC9CEB8-8B4A-11D0-8D11-00A0C91BC942}") = "Map", "Map\Map.vcxproj", "{C2B19DA3-0C3F-4B63-8D02-4D756F7F5F73}"
EndProject
Project("{8BC9CEB8-8B4A-11D0-8D11-00A0C91BC942}") = "QuadraticProbing", "QuadraticProbing\QuadraticProbing.vcxproj", "{0B8821AE-5278-4FC7-951C-AD2F6CB2E0AB}"
EndProject
Project("{8BC9CEB8-8B4A-11D0-8D11-00A0C91BC942}") = "Tree", "Tree\Tree.vcxproj", "{743F560D-4023-4BFD-8D0F-785ADF017ED7}"
EndProject
Project("{8BC9CEB8-8B4A-11D0-8D11-00A0C91BC942}") = "Heap", "Heap\Heap.vcxproj", "{62289BAA-C307-499A-8031-ED27E706C467}"
EndProject
Project("{8BC9CEB8-8B4A-11D0-8D11-00A0C91BC942}") = "BTree", "BTree\BTree.vcxproj", "{E9290328-AF1F-4366-B7F4-584D083958C1}"
EndProject
Project("{8BC9CEB8-8B4A-11D0-8D11-00A0C91BC942}") = "Graph", "Graph\Graph.vcxproj", "{99DFD17C-9611-4B7D-BB75-E7A536261891}"
EndProject
Project("{8BC9CEB8-8B4A-11D0-8D11-00A0C91BC942}") = "MergeSort", "MergeSort\MergeSort.vcxproj", "{5FEF2A52-5E07-4398-93F9-BD269953EC40}"
EndProject
Global
	GlobalSection(SolutionConfigurationPlatforms) = preSolution
		Debug|x64 = Debug|x64
		Debug|x86 = Debug|x86
		Release|x64 = Release|x64
		Release|x86 = Release|x86
	EndGlobalSection
	GlobalSection(ProjectConfigurationPlatforms) = postSolution
		{65F96856-4345-4AE9-996B-03B733916039}.Debug|x64.ActiveCfg = Debug|x64
		{65F96856-4345-4AE9-996B-03B733916039}.Debug|x64.Build.0 = Debug|x64
		{65F96856-4345-4AE9-996B-03B733916039}.Debug|x86.ActiveCfg = Debug|Win32
		{65F96856-4345-4AE9-996B-03B733916039}.Debug|x86.Build.0 = Debug|Win32
		{65F96856-4345-4AE9-996B-03B733916039}.Release|x64.ActiveCfg = Release|x64
		{65F96856-4345-4AE9-996B-03B733916039}.Release|x64.Build.0 = Release|x64
		{65F96856-4345-4AE9-996B-03B733916039}.Release|x86.ActiveCfg = Release|Win32
		{65F96856-4345-4AE9-996B-03B733916039}.Release|x86.Build.0 = Release|Win32
		{491EF911-EFD9-4FF6-92F3-12ABDF60EBE9}.Debug|x64.ActiveCfg = Debug|x64
		{491EF911-EFD9-4FF6-92F3-12ABDF60EBE9}.Debug|x64.Build.0 = Debug|x64
		{491EF911-EFD9-4FF6-92F3-12ABDF60EBE9}.Debug|x86.ActiveCfg = Debug|Win32
		{491EF911-EFD9-4FF6-92F3-12ABDF60EBE9}.Debug|x86.Build.0 = Debug|Win32
		{491EF911-EFD9-4FF6-92F3-12ABDF60EBE9}.Release|x64.ActiveCfg = Release|x64
		{491EF911-EFD9-4FF6-92F3-12ABDF60EBE9}.Release|x64.Build.0 = Release|x64
		{491EF911-EFD9-4FF6-92F3-12ABDF60EBE9}.Release|x86.ActiveCfg = Release|Win32
		{491EF911-EFD9-4FF6-92F3-12ABDF60EBE9}.Release|x86.Build.0 = Release|Win32
		{0CC1411E-8485-426B-A130-98FEF6432A9C}.Debug|x64.ActiveCfg = Debug|x64
		{0CC1411E-8485-426B-A130-98FEF6432A9C}.Debug|x64.Build.0 = Debug|x64
		{0CC1411E-8485-426B-A130-98FEF6432A9C}.Debug|x86.ActiveCfg = Debug|Win32
		{0CC1411E-8485-426B-A130-98FEF6432A9C}.Debug|x86.Build.0 = Debug|Win32
		{0CC1411E-8485-426B-A130-98FEF6432A9C}.Release|x64.ActiveCfg = Release|x64
		{0CC1411E-8485-426B-A130-98FEF6432A9C}.Release|x64.Build.0 = Release|x64
		{0CC1411E-8485-426B-A130-98FEF6432A9C}.Release|x86.ActiveCfg = Release|Win32
		{0CC1411E-8485-426B-A130-98FEF6432A9C}.Release|x86.Build.0 = Release|Win32
		{57BCDC8C-05F8-4F62-B772-FDDB6C4ACCF6}.Debug|x64.ActiveCfg = Debug|x64
		{57BCDC8C-05F8-4F62-B772-FDDB6C4ACCF6}.Debug|x64.Build.0 = Debug|x64
		{57BCDC8C-05F8-4F62-B772-FDDB6C4ACCF6}.Debug|x86.ActiveCfg = Debug|Win32
		{57BCDC8C-05F8-4F62-B772-FDDB6C4ACCF6}.Debug|x86.Build.0 = Debug|Win32
		{57BCDC8C-05F8-4F62-B772-FDDB6C4ACCF6}.Release|x64.ActiveCfg = Release|x64
		{57BCDC8C-05F8-4F62-B772-FDDB6C4ACCF6}.Release|x64.Build.0 = Release|x64
		{57BCDC8C-05F8-4F62-B772-FDDB6C4ACCF6}.Release|x86.ActiveCfg = Release|Win32
		{57BCDC8C-05F8-4F62-B772-FDDB6C4ACCF6}.Release|x86.Build.0 = Release|Win32
		{E419FB09-230A-4D4E-B1BE-42B6654A0825}.Debug|x64.ActiveCfg = Debug|x64
		{E419FB09-230A-4D4E-B1BE-42B6654A0825}.Debug|x64.Build.0 = Debug|x64
		{E419FB09-230A-4D4E-B1BE-42B6654A0825}.Debug|x86.ActiveCfg = Debug|Win32
		{E419FB09-230A-4D4E-B1BE-42B6654A0825}.Debug|x86.Build.0 = Debug|Win32
		{E419FB09-230A-4D4E-B1BE-42B6654A0825}.Release|x64.ActiveCfg = Release|x64
		{E419FB09-230A-4D4E-B1BE-42B6654A0825}.Release|x64.Build.0 = Release|x64
		{E419FB09-230A-4D4E-B1BE-42B6654A0825}.Release|x86.ActiveCfg = Release|Win32
		{E419FB09-230A-4D4E-B1BE-42B6654A0825}.Release|x86.Build.0 = Release|Win32
		{FAC3CEAF-4827-49E2-9B8E-E1662E8FD02A}.Debug|x64.ActiveCfg = Debug|x64
		{FAC3CEAF-4827-49E2-9B8E-E1662E8FD02A}.Debug|x64.Build.0 = Debug|x64
		{FAC3CEAF-4827-49E2-9B8E-E1662E8FD02A}.Debug|x86.ActiveCfg = Debug|Win32
		{FAC3CEAF-4827-49E2-9B8E-E1662E8FD02A}.Debug|x86.Build.0 = Debug|Win32
		{FAC3CEAF-4827-49E2-9B8E-E1662E8FD02A}.Release|x64.ActiveCfg = Release|x64
		{FAC3CEAF-4827-49E2-9B8E-E1662E8FD02A}.Release|x64.Build.0 = Release|x64
		{FAC3CEAF-4827-49E2-9B8E-E1662E8FD02A}.Release|x86.ActiveCfg = Release|Win32
		{FAC3CEAF-4827-49E2-9B8E-E1662E8FD02A}.Release|x86.Build.0 = Release|Win32
		{5BF21EAE-21AB-4A3F-B97C-7B7295FD489D}.Debug|x64.ActiveCfg = Debug|x64
		{5BF21EAE-21AB-4A3F-B97C-7B7295FD489D}.Debug|x64.Build.0 = Debug|x64
		{5BF21EAE-21AB-4A3F-B97C-7B7295FD489D}.Debug|x86.ActiveCfg = Debug|Win32
		{5BF21EAE-21AB-4A3F-B97C-7B7295FD489D}.Debug|x86.Build.0 = Debug|Win32
		{5BF21EAE-21AB-4A3F-B97C-7B7295FD489D}.Release|x64.ActiveCfg = Release|x64
		{5BF21EAE-21AB-4A3F-B97C-7B7295FD489D}.Release|x64.Build.0 = Release|x64
		{5BF21EAE-21AB-4A3F-B97C-7B7295FD489D}.Release|x86.ActiveCfg = Release|Win32
		{5BF21EAE-21AB-4A3F-B97C-7B7295FD489D}.Release|x86.Build.0 = Release|Win32
		{152C5173-189C-4FDB-8E52-75A732C0F832}.Debug|x64.ActiveCfg = Debug|x64
		{152C5173-189C-4FDB-8E52-75A732C0F832}.Debug|x64.Build.0 = Debug|x64
		{152C5173-189C-4FDB-8E52-75A732C0F832}.Debug|x86.ActiveCfg = Debug|Win32
		{152C5173-189C-4FDB-8E52-75A732C0F832}.Debug|x86.Build.0 = Debug|Win32
		{152C5173-189C-4FDB-8E52-75A732C0F832}.Release|x64.ActiveCfg = Release|x64
		{152C5173-189C-4FDB-8E52-75A732C0F832}.Release|x64.Build.0 = Release|x64
		{152C5173-189C-4FDB-8E52-75A732C0F832}.Release|x86.ActiveCfg = Release|Win32
		{152C5173-189C-4FDB-8E52-75A732C0F832}.Release|x86.Build.0 = Release|Win32
		{E468E8E1-8EAC-42A5-A650-5EABB941146F}.Debug|x64.ActiveCfg = Debug|x64
		{E468E8E1-8EAC-42A5-A650-5EABB941146F}.Debug|x64.Build.0 = Debug|x64
		{E468E8E1-8EAC-42A5-A650-5EABB941146F}.Debug|x86.ActiveCfg = Debug|Win32
		{E468E8E1-8EAC-42A5-A650-5EABB941146F}.Debug|x86.Build.0 = Debug|Win32
		{E468E8E1-8EAC-42A5-A650-5EABB941146F}.Release|x64.ActiveCfg = Release|x64
		{E468E8E1-8EAC-42A5-A650-5EABB941146F}.Release|x64.Build.0 = Release|x64
		{E468E8E1-8EAC-42A5-A650-5EABB941146F}.Release|x86.ActiveCfg = Release|Win32
		{E468E8E1-8EAC-42A5-A650-5EABB941146F}.Release|x86.Build.0 = Release|Win32
		{3F41EEB5-98FB-469C-B163-A4A5897354A2}.Debug|x64.ActiveCfg = Debug|x64
		{3F41EEB5-98FB-469C-B163-A4A5897354A2}.Debug|x64.Build.0 = Debug|x64
		{3F41EEB5-98FB-469C-B163-A4A5897354A2}.Debug|x86.ActiveCfg = Debug|Win32
		{3F41EEB5-98FB-469C-B163-A4A5897354A2}.Debug|x86.Build.0 = Debug|Win32
		{3F41EEB5-98FB-469C-B163-A4A5897354A2}.Release|x64.ActiveCfg = Release|x64
		{3F41EEB5-98FB-469C-B163-A4A5897354A2}.Release|x64.Build.0 = Release|x64
		{3F41EEB5-98FB-469C-B163-A4A5897354A2}.Release|x86.ActiveCfg = Release|Win32
		{3F41EEB5-98FB-469C-B163-A4A5897354A2}.Release|x86.Build.0 = Release|Win32
		{75A2474F-B1A1-4595-9C68-CC29A6E8B048}.Debug|x64.ActiveCfg = Debug|x64
		{75A2474F-B1A1-4595-9C68-CC29A6E8B048}.Debug|x64.Build.0 = Debug|x64
		{75A2474F-B1A1-4595-9C68-CC29A6E8B048}.Debug|x86.ActiveCfg = Debug|Win32
		{75A2474F-B1A1-4595-9C68-CC29A6E8B048}.Debug|x86.Build.0 = Debug|Win32
		{75A2474F-B1A1-4595-9C68-CC29A6E8B048}.Release|x64.ActiveCfg = Release|x64
		{75A2474F-B1A1-4595-9C68-CC29A6E8B048}.Release|x64.Build.0 = Release|x64
		{75A2474F-B1A1-4595-9C68-CC29A6E8B048}.Release|x86.ActiveCfg = Release|Win32
		{75A2474F-B1A1-4595-9C68-CC29A6E8B048}.Release|x86.Build.0 = Release|Win32
		{014297FB-BC24-4594-BEB6-A89BE51454F8}.Debug|x64.ActiveCfg = Debug|x64
		{014297FB-BC24-4594-BEB6-A89BE51454F8}.Debug|x64.Build.0 = Debug|x64
		{014297FB-BC24-4594-BEB6-A89BE51454F8}.Debug|x86.ActiveCfg = Debug|Win32
		{014297FB-BC24-4594-BEB6-A89BE51454F8}.Debug|x86.Build.0 = Debug|Win32
		{014297FB-BC24-4594-BEB6-A89BE51454F8}.Release|x64.ActiveCfg = Release|x64
		{014297FB-BC24-4594-BEB6-A89BE51454F8}.Release|x64.Build.0 = Release|x64
		{014297FB-BC24-4594-BEB6-A89BE51454F8}.Release|x86.ActiveCfg = Release|Win32
		{014297FB-BC24-4594-BEB6-A89BE51454F8}.Release|x86.Build.0 = Release|Win32
		{994C516C-CAFD-4A65-97D0-426BEE0B01F2}.Debug|x64.ActiveCfg = Debug|x64
		{994C516C-CAFD-4A65-97D0-426BEE0B01F2}.Debug|x64.Build.0 = Debug|x64
		{994C516C-CAFD-4A65-97D0-426BEE0B01F2}.Debug|x86.ActiveCfg = Debug|Win32
		{994C516C-CAFD-4A65-97D0-426BEE0B01F2}.Debug|x86.Build.0 = Debug|Win32
		{994C516C-CAFD-4A65-97D0-426BEE0B01F2}.Release|x64.ActiveCfg = Release|x64
		{994C516C-CAFD-4A65-97D0-426BEE0B01F2}.Release|x64.Build.0 = Release|x64
		{994C516C-CAFD-4A65-97D0-426BEE0B01F2}.Release|x86.ActiveCfg = Release|Win32
		{994C516C-CAFD-4A65-97D0-426BEE0B01F2}.Release|x86.Build.0 = Release|Win32
		{C2B19DA3-0C3F-4B63-8D02-4D756F7F5F73}.Debug|x64.ActiveCfg = Debug|x64
		{C2B19DA3-0C3F-4B63-8D02-4D756F7F5F73}.Debug|x64.Build.0 = Debug|x64
		{C2B19DA3-0C3F-4B63-8D02-4D756F7F5F73}.Debug|x86.ActiveCfg = Debug|Win32
		{C2B19DA3-0C3F-4B63-8D02-4D756F7F5F73}.Debug|x86.Build.0 = Debug|Win32
		{C2B19DA3-0C3F-4B63-8D02-4D756F7F5F73}.Release|x64.ActiveCfg = Release|x64
		{C2B19DA3-0C3F-4B63-8D02-4D756F7F5F73}.Release|x64.Build.0 = Release|x64
		{C2B19DA3-0C3F-4B63-8D02-4D756F7F5F73}.Release|x86.ActiveCfg = Release|Win32
		{C2B19DA3-0C3F-4B63-8D02-4D756F7F5F73}.Release|x86.Build.0 = Release|Win32
		{0B8821AE-5278-4FC7-951C-AD2F6CB2E0AB}.Debug|x64.ActiveCfg = Debug|x64
		{0B8821AE-5278-4FC7-951C-AD2F6CB2E0AB}.Debug|x64.Build.0 = Debug|x64
		{0B8821AE-5278-4FC7-951C-AD2F6CB2E0AB}.Debug|x86.ActiveCfg = Debug|Win32
		{0B8821AE-5278-4FC7-951C-AD2F6CB2E0AB}.Debug|x86.Build.0 = Debug|Win32
		{0B8821AE-5278-4FC7-951C-AD2F6CB2E0AB}.Release|x64.ActiveCfg = Release|x64
		{0B8821AE-5278-4FC7-951C-AD2F6CB2E0AB}.Release|x64.Build.0 = Release|x64
		{0B8821AE-5278-4FC7-951C-AD2F6CB2E0AB}.Release|x86.ActiveCfg = Release|Win32
		{0B8821AE-5278-4FC7-951C-AD2F6CB2E0AB}.Release|x86.Build.0 = Release|Win32
		{743F560D-4023-4BFD-8D0F-785ADF017ED7}.Debug|x64.ActiveCfg = Debug|x64
		{743F560D-4023-4BFD-8D0F-785ADF017ED7}.Debug|x64.Build.0 = Debug|x64
		{743F560D-4023-4BFD-8D0F-785ADF017ED7}.Debug|x86.ActiveCfg = Debug|Win32
		{743F560D-4023-4BFD-8D0F-785ADF017ED7}.Debug|x86.Build.0 = Debug|Win32
		{743F560D-4023-4BFD-8D0F-785ADF017ED7}.Release|x64.ActiveCfg = Release|x64
		{743F560D-4023-4BFD-8D0F-785ADF017ED7}.Release|x64.Build.0 = Release|x64
		{743F560D-4023-4BFD-8D0F-785ADF017ED7}.Release|x86.ActiveCfg = Release|Win32
		{743F560D-4023-4BFD-8D0F-785ADF017ED7}.Release|x86.Build.0 = Release|Win32
		{62289BAA-C307-499A-8031-ED27E706C467}.Debug|x64.ActiveCfg = Debug|x64
		{62289BAA-C307-499A-8031-ED27E706C467}.Debug|x64.Build.0 = Debug|x64
		{62289BAA-C307-499A-8031-ED27E706C467}.Debug|x86.ActiveCfg = Debug|Win32
		{62289BAA-C307-499A-8031-ED27E706C467}.Debug|x86.Build.0 = Debug|Win32
		{62289BAA-C307-499A-8031-ED27E706C467}.Release|x64.ActiveCfg = Release|x64
		{62289BAA-C307-499A-8031-ED27E706C467}.Release|x64.Build.0 = Release|x64
		{62289BAA-C307-499A-8031-ED27E706C467}.Release|x86.ActiveCfg = Release|Win32
		{62289BAA-C307-499A-8031-ED27E706C467}.Release|x86.Build.0 = Release|Win32
		{E9290328-AF1F-4366-B7F4-584D083958C1}.Debug|x64.ActiveCfg = Debug|x64
		{E9290328-AF1F-4366-B7F4-584D083958C1}.Debug|x64.Build.0 = Debug|x64
		{E9290328-AF1F-4366-B7F4-584D083958C1}.Debug|x86.ActiveCfg = Debug|Win32
		{E9290328-AF1F-4366-B7F4-584D083958C1}.Debug|x86.Build.0 = Debug|Win32
		{E9290328-AF1F-4366-B7F4-584D083958C1}.Release|x64.ActiveCfg = Release|x64
		{E9290328-AF1F-4366-B7F4-584D083958C1}.Release|x64.Build.0 = Release|x64
		{E9290328-AF1F-4366-B7F4-584D083958C1}.Release|x86.ActiveCfg = Release|Win32
		{E9290328-AF1F-4366-B7F4-584D083958C1}.Release|x86.Build.0 = Release|Win32
		{99DFD17C-9611-4B7D-BB75-E7A536261891}.Debug|x64.ActiveCfg = Debug|x64
		{99DFD17C-9611-4B7D-BB75-E7A536261891}.Debug|x64.Build.0 = Debug|x64
		{99DFD17C-9611-4B7D-BB75-E7A536261891}.Debug|x86.ActiveCfg = Debug|Win32
		{99DFD17C-9611-4B7D-BB75-E7A536261891}.Debug|x86.Build.0 = Debug|Win32
		{99DFD17C-9611-4B7D-BB75-E7A536261891}.Release|x64.ActiveCfg = Release|x64
		{99DFD17C-9611-4B7D-BB75-E7A536261891}.Release|x64.Build.0 = Release|x64
		{99DFD17C-9611-4B7D-BB75-E7A536261891}.Release|x86.ActiveCfg = Release|Win32
		{99DFD17C-9611-4B7D-BB75-E7A536261891}.Release|x86.Build.0 = Release|Win32
		{5FEF2A52-5E07-4398-93F9-BD269953EC40}.Debug|x64.ActiveCfg = Debug|x64
		{5FEF2A52-5E07-4398-93F9-BD269953EC40}.Debug|x64.Build.0 = Debug|x64
		{5FEF2A52-5E07-4398-93F9-BD269953EC40}.Debug|x86.ActiveCfg = Debug|Win32
		{5FEF2A52-5E07-4398-93F9-BD269953EC40}.Debug|x86.Build.0 = Debug|Win32
		{5FEF2A52-5E07-4398-93F9-BD269953EC40}.Release|x64.ActiveCfg = Release|x64
		{5FEF2A52-5E07-4398-93F9-BD269953EC40}.Release|x64.Build.0 = Release|x64
		{5FEF2A52-5E07-4398-93F9-BD269953EC40}.Release|x86.ActiveCfg = Release|Win32
		{5FEF2A52-5E07-4398-93F9-BD269953EC40}.Release|x86.Build.0 = Release|Win32
	EndGlobalSection
	GlobalSection(SolutionProperties) = preSolution
		HideSolutionNode = FALSE
	EndGlobalSection
	GlobalSection(ExtensibilityGlobals) = postSolution
		SolutionGuid = {3F829F5E-E3D4-4817-A7B4-A46B0121D80E}
	EndGlobalSection
EndGlobal
